
Microsoft Visual Studio Solution File, Format Version 12.00
# Visual Studio 15
VisualStudioVersion = 15.0.27004.2008
MinimumVisualStudioVersion = 10.0.40219.1
Project("{FAE04EC0-301F-11D3-BF4B-00C04F79EFBC}") = "ZSZ.Test", "ZSZ.Test\ZSZ.Test.csproj", "{BA0D3757-097A-4930-AD70-F91356C4931A}"
EndProject
Project("{FAE04EC0-301F-11D3-BF4B-00C04F79EFBC}") = "IMyBLL", "IMyBLL\IMyBLL.csproj", "{6430133A-DA7F-4A8F-8464-F56B67377D90}"
EndProject
Project("{FAE04EC0-301F-11D3-BF4B-00C04F79EFBC}") = "MyBLL", "MyBLL\MyBLL.csproj", "{10D0FB28-54C0-474C-98D3-76DF8EE7B7B1}"
EndProject
Project("{2150E333-8FDC-42A3-9474-1A3956D46DE8}") = "test", "test", "{040FA575-8578-42C8-8F42-146FC32F0D2F}"
EndProject
Project("{FAE04EC0-301F-11D3-BF4B-00C04F79EFBC}") = "WebApplication1", "WebApplication1\WebApplication1.csproj", "{8AE41E46-1A9C-42DC-AFC4-CDCE0C7B14C2}"
EndProject
Project("{FAE04EC0-301F-11D3-BF4B-00C04F79EFBC}") = "TestService", "TestService\TestService.csproj", "{A02E8EC3-17CB-4C2E-922E-D4817CEFF02C}"
EndProject
Project("{FAE04EC0-301F-11D3-BF4B-00C04F79EFBC}") = "ITestService", "ITestService\ITestService.csproj", "{66BEABFF-E8A8-42E2-BC3A-8CDA2B051436}"
EndProject
Project("{FAE04EC0-301F-11D3-BF4B-00C04F79EFBC}") = "ZSZ.CommonMVC", "ZSZ.CommonMVC\ZSZ.CommonMVC.csproj", "{9AC3667C-8450-440C-B023-BFF39E5E21EB}"
EndProject
Project("{FAE04EC0-301F-11D3-BF4B-00C04F79EFBC}") = "ZSZ.Common", "ZSZ.Common\ZSZ.Common.csproj", "{CAB4AD0E-4AF9-4F08-A90E-67B9B93F0F17}"
EndProject
Project("{FAE04EC0-301F-11D3-BF4B-00C04F79EFBC}") = "modelbinder1", "modelbinder1\modelbinder1.csproj", "{B9C8FB5E-8F48-4B57-A4EE-5B7F389507A7}"
EndProject
Project("{2150E333-8FDC-42A3-9474-1A3956D46DE8}") = "unittest", "unittest", "{BA1A165F-A071-4BC3-9EFD-690B24DABE67}"
EndProject
Project("{FAE04EC0-301F-11D3-BF4B-00C04F79EFBC}") = "Calc", "Calc\Calc.csproj", "{1C6C73AA-6C84-4136-BD81-94618067DC51}"
EndProject
Project("{FAE04EC0-301F-11D3-BF4B-00C04F79EFBC}") = "UnitTestProject1", "UnitTestProject1\UnitTestProject1.csproj", "{3DF56479-F672-4F09-B7B3-A9C5A712D65E}"
EndProject
Project("{FAE04EC0-301F-11D3-BF4B-00C04F79EFBC}") = "ZSZ.DTO", "ZSZ.DTO\ZSZ.DTO.csproj", "{3C067852-054C-4A1F-8FFB-761C03B25E62}"
EndProject
Project("{FAE04EC0-301F-11D3-BF4B-00C04F79EFBC}") = "ZSZ.Service", "ZSZ.Service\ZSZ.Service.csproj", "{618AC131-7CC2-4FF9-9F5E-B9FDEFB584E4}"
EndProject
Project("{FAE04EC0-301F-11D3-BF4B-00C04F79EFBC}") = "ZSZ.IService", "ZSZ.IService\ZSZ.IService.csproj", "{4787ADE4-96ED-48F0-B0F5-F04FF41750AA}"
EndProject
Project("{FAE04EC0-301F-11D3-BF4B-00C04F79EFBC}") = "ZSZ.AdminWeb", "ZSZ.AdminWeb\ZSZ.AdminWeb.csproj", "{65074783-8B01-46E9-8C9C-0DA655227CEC}"
EndProject
Project("{FAE04EC0-301F-11D3-BF4B-00C04F79EFBC}") = "ZSZ.FrontWeb", "ZSZ.FrontWeb\ZSZ.FrontWeb.csproj", "{7729AF68-96FE-4825-9C13-A167198546E5}"
EndProject
Global
	GlobalSection(SolutionConfigurationPlatforms) = preSolution
		Debug|Any CPU = Debug|Any CPU
		Release|Any CPU = Release|Any CPU
	EndGlobalSection
	GlobalSection(ProjectConfigurationPlatforms) = postSolution
		{BA0D3757-097A-4930-AD70-F91356C4931A}.Debug|Any CPU.ActiveCfg = Debug|Any CPU
		{BA0D3757-097A-4930-AD70-F91356C4931A}.Debug|Any CPU.Build.0 = Debug|Any CPU
		{BA0D3757-097A-4930-AD70-F91356C4931A}.Release|Any CPU.ActiveCfg = Release|Any CPU
		{BA0D3757-097A-4930-AD70-F91356C4931A}.Release|Any CPU.Build.0 = Release|Any CPU
		{6430133A-DA7F-4A8F-8464-F56B67377D90}.Debug|Any CPU.ActiveCfg = Debug|Any CPU
		{6430133A-DA7F-4A8F-8464-F56B67377D90}.Debug|Any CPU.Build.0 = Debug|Any CPU
		{6430133A-DA7F-4A8F-8464-F56B67377D90}.Release|Any CPU.ActiveCfg = Release|Any CPU
		{6430133A-DA7F-4A8F-8464-F56B67377D90}.Release|Any CPU.Build.0 = Release|Any CPU
		{10D0FB28-54C0-474C-98D3-76DF8EE7B7B1}.Debug|Any CPU.ActiveCfg = Debug|Any CPU
		{10D0FB28-54C0-474C-98D3-76DF8EE7B7B1}.Debug|Any CPU.Build.0 = Debug|Any CPU
		{10D0FB28-54C0-474C-98D3-76DF8EE7B7B1}.Release|Any CPU.ActiveCfg = Release|Any CPU
		{10D0FB28-54C0-474C-98D3-76DF8EE7B7B1}.Release|Any CPU.Build.0 = Release|Any CPU
		{8AE41E46-1A9C-42DC-AFC4-CDCE0C7B14C2}.Debug|Any CPU.ActiveCfg = Debug|Any CPU
		{8AE41E46-1A9C-42DC-AFC4-CDCE0C7B14C2}.Debug|Any CPU.Build.0 = Debug|Any CPU
		{8AE41E46-1A9C-42DC-AFC4-CDCE0C7B14C2}.Release|Any CPU.ActiveCfg = Release|Any CPU
		{8AE41E46-1A9C-42DC-AFC4-CDCE0C7B14C2}.Release|Any CPU.Build.0 = Release|Any CPU
		{A02E8EC3-17CB-4C2E-922E-D4817CEFF02C}.Debug|Any CPU.ActiveCfg = Debug|Any CPU
		{A02E8EC3-17CB-4C2E-922E-D4817CEFF02C}.Debug|Any CPU.Build.0 = Debug|Any CPU
		{A02E8EC3-17CB-4C2E-922E-D4817CEFF02C}.Release|Any CPU.ActiveCfg = Release|Any CPU
		{A02E8EC3-17CB-4C2E-922E-D4817CEFF02C}.Release|Any CPU.Build.0 = Release|Any CPU
		{66BEABFF-E8A8-42E2-BC3A-8CDA2B051436}.Debug|Any CPU.ActiveCfg = Debug|Any CPU
		{66BEABFF-E8A8-42E2-BC3A-8CDA2B051436}.Debug|Any CPU.Build.0 = Debug|Any CPU
		{66BEABFF-E8A8-42E2-BC3A-8CDA2B051436}.Release|Any CPU.ActiveCfg = Release|Any CPU
		{66BEABFF-E8A8-42E2-BC3A-8CDA2B051436}.Release|Any CPU.Build.0 = Release|Any CPU
		{9AC3667C-8450-440C-B023-BFF39E5E21EB}.Debug|Any CPU.ActiveCfg = Debug|Any CPU
		{9AC3667C-8450-440C-B023-BFF39E5E21EB}.Debug|Any CPU.Build.0 = Debug|Any CPU
		{9AC3667C-8450-440C-B023-BFF39E5E21EB}.Release|Any CPU.ActiveCfg = Release|Any CPU
		{9AC3667C-8450-440C-B023-BFF39E5E21EB}.Release|Any CPU.Build.0 = Release|Any CPU
		{CAB4AD0E-4AF9-4F08-A90E-67B9B93F0F17}.Debug|Any CPU.ActiveCfg = Debug|Any CPU
		{CAB4AD0E-4AF9-4F08-A90E-67B9B93F0F17}.Debug|Any CPU.Build.0 = Debug|Any CPU
		{CAB4AD0E-4AF9-4F08-A90E-67B9B93F0F17}.Release|Any CPU.ActiveCfg = Release|Any CPU
		{CAB4AD0E-4AF9-4F08-A90E-67B9B93F0F17}.Release|Any CPU.Build.0 = Release|Any CPU
		{B9C8FB5E-8F48-4B57-A4EE-5B7F389507A7}.Debug|Any CPU.ActiveCfg = Debug|Any CPU
		{B9C8FB5E-8F48-4B57-A4EE-5B7F389507A7}.Debug|Any CPU.Build.0 = Debug|Any CPU
		{B9C8FB5E-8F48-4B57-A4EE-5B7F389507A7}.Release|Any CPU.ActiveCfg = Release|Any CPU
		{B9C8FB5E-8F48-4B57-A4EE-5B7F389507A7}.Release|Any CPU.Build.0 = Release|Any CPU
		{1C6C73AA-6C84-4136-BD81-94618067DC51}.Debug|Any CPU.ActiveCfg = Debug|Any CPU
		{1C6C73AA-6C84-4136-BD81-94618067DC51}.Debug|Any CPU.Build.0 = Debug|Any CPU
		{1C6C73AA-6C84-4136-BD81-94618067DC51}.Release|Any CPU.ActiveCfg = Release|Any CPU
		{1C6C73AA-6C84-4136-BD81-94618067DC51}.Release|Any CPU.Build.0 = Release|Any CPU
		{3DF56479-F672-4F09-B7B3-A9C5A712D65E}.Debug|Any CPU.ActiveCfg = Debug|Any CPU
		{3DF56479-F672-4F09-B7B3-A9C5A712D65E}.Debug|Any CPU.Build.0 = Debug|Any CPU
		{3DF56479-F672-4F09-B7B3-A9C5A712D65E}.Release|Any CPU.ActiveCfg = Release|Any CPU
		{3DF56479-F672-4F09-B7B3-A9C5A712D65E}.Release|Any CPU.Build.0 = Release|Any CPU
		{3C067852-054C-4A1F-8FFB-761C03B25E62}.Debug|Any CPU.ActiveCfg = Debug|Any CPU
		{3C067852-054C-4A1F-8FFB-761C03B25E62}.Debug|Any CPU.Build.0 = Debug|Any CPU
		{3C067852-054C-4A1F-8FFB-761C03B25E62}.Release|Any CPU.ActiveCfg = Release|Any CPU
		{3C067852-054C-4A1F-8FFB-761C03B25E62}.Release|Any CPU.Build.0 = Release|Any CPU
		{618AC131-7CC2-4FF9-9F5E-B9FDEFB584E4}.Debug|Any CPU.ActiveCfg = Debug|Any CPU
		{618AC131-7CC2-4FF9-9F5E-B9FDEFB584E4}.Debug|Any CPU.Build.0 = Debug|Any CPU
		{618AC131-7CC2-4FF9-9F5E-B9FDEFB584E4}.Release|Any CPU.ActiveCfg = Release|Any CPU
		{618AC131-7CC2-4FF9-9F5E-B9FDEFB584E4}.Release|Any CPU.Build.0 = Release|Any CPU
		{4787ADE4-96ED-48F0-B0F5-F04FF41750AA}.Debug|Any CPU.ActiveCfg = Debug|Any CPU
		{4787ADE4-96ED-48F0-B0F5-F04FF41750AA}.Debug|Any CPU.Build.0 = Debug|Any CPU
		{4787ADE4-96ED-48F0-B0F5-F04FF41750AA}.Release|Any CPU.ActiveCfg = Release|Any CPU
		{4787ADE4-96ED-48F0-B0F5-F04FF41750AA}.Release|Any CPU.Build.0 = Release|Any CPU
		{65074783-8B01-46E9-8C9C-0DA655227CEC}.Debug|Any CPU.ActiveCfg = Debug|Any CPU
		{65074783-8B01-46E9-8C9C-0DA655227CEC}.Debug|Any CPU.Build.0 = Debug|Any CPU
		{65074783-8B01-46E9-8C9C-0DA655227CEC}.Release|Any CPU.ActiveCfg = Release|Any CPU
		{65074783-8B01-46E9-8C9C-0DA655227CEC}.Release|Any CPU.Build.0 = Release|Any CPU
		{7729AF68-96FE-4825-9C13-A167198546E5}.Debug|Any CPU.ActiveCfg = Debug|Any CPU
		{7729AF68-96FE-4825-9C13-A167198546E5}.Debug|Any CPU.Build.0 = Debug|Any CPU
		{7729AF68-96FE-4825-9C13-A167198546E5}.Release|Any CPU.ActiveCfg = Release|Any CPU
		{7729AF68-96FE-4825-9C13-A167198546E5}.Release|Any CPU.Build.0 = Release|Any CPU
	EndGlobalSection
	GlobalSection(SolutionProperties) = preSolution
		HideSolutionNode = FALSE
	EndGlobalSection
	GlobalSection(NestedProjects) = preSolution
		{8AE41E46-1A9C-42DC-AFC4-CDCE0C7B14C2} = {040FA575-8578-42C8-8F42-146FC32F0D2F}
		{A02E8EC3-17CB-4C2E-922E-D4817CEFF02C} = {040FA575-8578-42C8-8F42-146FC32F0D2F}
		{66BEABFF-E8A8-42E2-BC3A-8CDA2B051436} = {040FA575-8578-42C8-8F42-146FC32F0D2F}
		{B9C8FB5E-8F48-4B57-A4EE-5B7F389507A7} = {040FA575-8578-42C8-8F42-146FC32F0D2F}
		{1C6C73AA-6C84-4136-BD81-94618067DC51} = {BA1A165F-A071-4BC3-9EFD-690B24DABE67}
		{3DF56479-F672-4F09-B7B3-A9C5A712D65E} = {BA1A165F-A071-4BC3-9EFD-690B24DABE67}
	EndGlobalSection
	GlobalSection(ExtensibilityGlobals) = postSolution
		SolutionGuid = {CBADC0CB-6759-4746-BC75-F3BB5FBFF6B6}
	EndGlobalSection
EndGlobal
